
Microsoft Visual Studio Solution File, Format Version 12.00
# Visual Studio Version 17
VisualStudioVersion = 17.0.31903.59
MinimumVisualStudioVersion = 10.0.40219.1
Project("{FAE04EC0-301F-11D3-BF4B-00C04F79EFBC}") = "BuberBreakfast.contracts", "BuberBreakfast.contracts\BuberBreakfast.contracts.csproj", "{ABBC1A19-8AA3-4FB6-B0FA-4BCDF9C9D95C}"
EndProject
Project("{FAE04EC0-301F-11D3-BF4B-00C04F79EFBC}") = "BuberBreakfast", "BuberBreakfast\BuberBreakfast.csproj", "{76C02A0F-A861-4C68-AAFF-D7A9B735A168}"
EndProject
Global
	GlobalSection(SolutionConfigurationPlatforms) = preSolution
		Debug|Any CPU = Debug|Any CPU
		Release|Any CPU = Release|Any CPU
	EndGlobalSection
	GlobalSection(SolutionProperties) = preSolution
		HideSolutionNode = FALSE
	EndGlobalSection
	GlobalSection(ProjectConfigurationPlatforms) = postSolution
		{ABBC1A19-8AA3-4FB6-B0FA-4BCDF9C9D95C}.Debug|Any CPU.ActiveCfg = Debug|Any CPU
		{ABBC1A19-8AA3-4FB6-B0FA-4BCDF9C9D95C}.Debug|Any CPU.Build.0 = Debug|Any CPU
		{ABBC1A19-8AA3-4FB6-B0FA-4BCDF9C9D95C}.Release|Any CPU.ActiveCfg = Release|Any CPU
		{ABBC1A19-8AA3-4FB6-B0FA-4BCDF9C9D95C}.Release|Any CPU.Build.0 = Release|Any CPU
		{76C02A0F-A861-4C68-AAFF-D7A9B735A168}.Debug|Any CPU.ActiveCfg = Debug|Any CPU
		{76C02A0F-A861-4C68-AAFF-D7A9B735A168}.Debug|Any CPU.Build.0 = Debug|Any CPU
		{76C02A0F-A861-4C68-AAFF-D7A9B735A168}.Release|Any CPU.ActiveCfg = Release|Any CPU
		{76C02A0F-A861-4C68-AAFF-D7A9B735A168}.Release|Any CPU.Build.0 = Release|Any CPU
	EndGlobalSection
EndGlobal
